{
  "name": "son_staticserverv2",
  "version": "4.0.0",
  "lockfileVersion": 1,
  "requires": true,
  "dependencies": {
    "son_staticserverv1": {
      "version": "4.0.0",
      "resolved": "https://registry.npmjs.org/son_staticserverv1/-/son_staticserverv1-4.0.0.tgz",
      "integrity": "sha512-wpGjn/p7ylI3H+wgya/SCV/0I3Pd+XvHVVi5r7UoEcyH9A9nJwLqdJoYnfg48DtIZOA7a67Fd4QWdkB31A29IQ=="
    }
  }
}
